PODS:
  - OCHamcrest (6.1.1)
  - OCMockito (4.1.0):
    - OCHamcrest (~> 6.0)

DEPENDENCIES:
  - OCMockito (~> 4.0)

SPEC CHECKSUMS:
  OCHamcrest: 363e1bf738c3e8a94abe7c2c415f70d671adde38
  OCMockito: bceefcd365252bcdf8b59c1b2bd23890805fc0d8

PODFILE CHECKSUM: bbd696a373a48b7ce83302f5d239751dbd9d21a2

COCOAPODS: 1.2.0
